
Microsoft Visual Studio Solution File, Format Version 12.00
# Visual Studio 15
VisualStudioVersion = 15.0.28307.757
MinimumVisualStudioVersion = 10.0.40219.1
Project("{9A19103F-16F7-4668-BE54-9A1E7A4F7556}") = "testlib", "testlib\testlib.csproj", "{F247C059-AB48-41E4-9539-EAFF21C0210D}"
EndProject
Project("{FAE04EC0-301F-11D3-BF4B-00C04F79EFBC}") = "teststestlib", "teststestlib\teststestlib.csproj", "{13A0751F-C024-4B0F-BFDD-5B9291729047}"
EndProject
Global
	GlobalSection(SolutionConfigurationPlatforms) = preSolution
		Debug|Any CPU = Debug|Any CPU
		Release|Any CPU = Release|Any CPU
	EndGlobalSection
	GlobalSection(ProjectConfigurationPlatforms) = postSolution
		{F247C059-AB48-41E4-9539-EAFF21C0210D}.Debug|Any CPU.ActiveCfg = Debug|Any CPU
		{F247C059-AB48-41E4-9539-EAFF21C0210D}.Debug|Any CPU.Build.0 = Debug|Any CPU
		{F247C059-AB48-41E4-9539-EAFF21C0210D}.Release|Any CPU.ActiveCfg = Release|Any CPU
		{F247C059-AB48-41E4-9539-EAFF21C0210D}.Release|Any CPU.Build.0 = Release|Any CPU
		{13A0751F-C024-4B0F-BFDD-5B9291729047}.Debug|Any CPU.ActiveCfg = Debug|Any CPU
		{13A0751F-C024-4B0F-BFDD-5B9291729047}.Debug|Any CPU.Build.0 = Debug|Any CPU
		{13A0751F-C024-4B0F-BFDD-5B9291729047}.Release|Any CPU.ActiveCfg = Release|Any CPU
		{13A0751F-C024-4B0F-BFDD-5B9291729047}.Release|Any CPU.Build.0 = Release|Any CPU
	EndGlobalSection
	GlobalSection(SolutionProperties) = preSolution
		HideSolutionNode = FALSE
	EndGlobalSection
	GlobalSection(ExtensibilityGlobals) = postSolution
		SolutionGuid = {8B0E77B9-4CD9-4CDB-88DD-22C7B67D7AB5}
	EndGlobalSection
EndGlobal
